// !$*UTF8*$!
{
	archiveVersion = 1;
	classes = {
	};
	objectVersion = 50;
	objects = {

/* Begin PBXBuildFile section */
		D1B30C1E25EA6A4300DD2FBE /* Tests_iOS.swift in Sources */ = {isa = PBXBuildFile; fileRef = D1B30C1D25EA6A4300DD2FBE /* Tests_iOS.swift */; };
		D1B30C2925EA6A4300DD2FBE /* Tests_macOS.swift in Sources */ = {isa = PBXBuildFile; fileRef = D1B30C2825EA6A4300DD2FBE /* Tests_macOS.swift */; };
		D1B30C2B25EA6A4300DD2FBE /* cocktail_db_uiApp.swift in Sources */ = {isa = PBXBuildFile; fileRef = D1B30C0225EA6A4200DD2FBE /* cocktail_db_uiApp.swift */; };
		D1B30C2C25EA6A4300DD2FBE /* cocktail_db_uiApp.swift in Sources */ = {isa = PBXBuildFile; fileRef = D1B30C0225EA6A4200DD2FBE /* cocktail_db_uiApp.swift */; };
		D1B30C2D25EA6A4300DD2FBE /* ContentView.swift in Sources */ = {isa = PBXBuildFile; fileRef = D1B30C0325EA6A4200DD2FBE /* ContentView.swift */; };
		D1B30C2E25EA6A4300DD2FBE /* ContentView.swift in Sources */ = {isa = PBXBuildFile; fileRef = D1B30C0325EA6A4200DD2FBE /* ContentView.swift */; };
		D1B30C2F25EA6A4300DD2FBE /* Assets.xcassets in Resources */ = {isa = PBXBuildFile; fileRef = D1B30C0425EA6A4300DD2FBE /* Assets.xcassets */; };
		D1B30C3025EA6A4300DD2FBE /* Assets.xcassets in Resources */ = {isa = PBXBuildFile; fileRef = D1B30C0425EA6A4300DD2FBE /* Assets.xcassets */; };
		D1B30C4B25EA7A7900DD2FBE /* Cocktail.swift in Sources */ = {isa = PBXBuildFile; fileRef = D1B30C4A25EA7A7900DD2FBE /* Cocktail.swift */; };
		D1B30C4C25EA7A7900DD2FBE /* Cocktail.swift in Sources */ = {isa = PBXBuildFile; fileRef = D1B30C4A25EA7A7900DD2FBE /* Cocktail.swift */; };
		D1B30C5225EA7B4500DD2FBE /* cocktailData.json in Resources */ = {isa = PBXBuildFile; fileRef = D1B30C5125EA7B4500DD2FBE /* cocktailData.json */; };
		D1B30C5325EA7B4500DD2FBE /* cocktailData.json in Resources */ = {isa = PBXBuildFile; fileRef = D1B30C5125EA7B4500DD2FBE /* cocktailData.json */; };
		D1B30C5925EA7C4400DD2FBE /* ModelData.swift in Sources */ = {isa = PBXBuildFile; fileRef = D1B30C5825EA7C4400DD2FBE /* ModelData.swift */; };
		D1B30C5A25EA7C4400DD2FBE /* ModelData.swift in Sources */ = {isa = PBXBuildFile; fileRef = D1B30C5825EA7C4400DD2FBE /* ModelData.swift */; };
		D1B30C6325EA7DB400DD2FBE /* CocktailRow.swift in Sources */ = {isa = PBXBuildFile; fileRef = D1B30C6225EA7DB400DD2FBE /* CocktailRow.swift */; };
		D1B30C6425EA7DB400DD2FBE /* CocktailRow.swift in Sources */ = {isa = PBXBuildFile; fileRef = D1B30C6225EA7DB400DD2FBE /* CocktailRow.swift */; };
		D1B30C6E25EA814900DD2FBE /* CocktailList.swift in Sources */ = {isa = PBXBuildFile; fileRef = D1B30C6D25EA814900DD2FBE /* CocktailList.swift */; };
		D1B30C6F25EA814900DD2FBE /* CocktailList.swift in Sources */ = {isa = PBXBuildFile; fileRef = D1B30C6D25EA814900DD2FBE /* CocktailList.swift */; };
		D1B30C7525EA82CB00DD2FBE /* CocktailDetail.swift in Sources */ = {isa = PBXBuildFile; fileRef = D1B30C7425EA82CB00DD2FBE /* CocktailDetail.swift */; };
		D1B30C7625EA82CB00DD2FBE /* CocktailDetail.swift in Sources */ = {isa = PBXBuildFile; fileRef = D1B30C7425EA82CB00DD2FBE /* CocktailDetail.swift */; };
		D1B30C8525EAD18000DD2FBE /* FavoriteButton.swift in Sources */ = {isa = PBXBuildFile; fileRef = D1B30C8425EAD18000DD2FBE /* FavoriteButton.swift */; };
		D1B30C8625EAD18000DD2FBE /* FavoriteButton.swift in Sources */ = {isa = PBXBuildFile; fileRef = D1B30C8425EAD18000DD2FBE /* FavoriteButton.swift */; };
/* End PBXBuildFile section */

/* Begin PBXContainerItemProxy section */
		D1B30C1A25EA6A4300DD2FBE /* PBXContainerItemProxy */ = {
			isa = PBXContainerItemProxy;
			containerPortal = D1B30BFD25EA6A4200DD2FBE /* Project object */;
			proxyType = 1;
			remoteGlobalIDString = D1B30C0825EA6A4300DD2FBE;
			remoteInfo = "cocktail-db-ui (iOS)";
		};
		D1B30C2525EA6A4300DD2FBE /* PBXContainerItemProxy */ = {
			isa = PBXContainerItemProxy;
			containerPortal = D1B30BFD25EA6A4200DD2FBE /* Project object */;
			proxyType = 1;
			remoteGlobalIDString = D1B30C1025EA6A4300DD2FBE;
			remoteInfo = "cocktail-db-ui (macOS)";
		};
/* End PBXContainerItemProxy section */

/* Begin PBXFileReference section */
		D1B30C0225EA6A4200DD2FBE /* cocktail_db_uiApp.swift */ = {isa = PBXFileReference; lastKnownFileType = sourcecode.swift; path = cocktail_db_uiApp.swift; sourceTree = "<group>"; };
		D1B30C0325EA6A4200DD2FBE /* ContentView.swift */ = {isa = PBXFileReference; lastKnownFileType = sourcecode.swift; path = ContentView.swift; sourceTree = "<group>"; };
		D1B30C0425EA6A4300DD2FBE /* Assets.xcassets */ = {isa = PBXFileReference; lastKnownFileType = folder.assetcatalog; path = Assets.xcassets; sourceTree = "<group>"; };
		D1B30C0925EA6A4300DD2FBE /* cocktail-db-ui.app */ = {isa = PBXFileReference; explicitFileType = wrapper.application; includeInIndex = 0; path = "cocktail-db-ui.app"; sourceTree = BUILT_PRODUCTS_DIR; };
		D1B30C0C25EA6A4300DD2FBE /* Info.plist */ = {isa = PBXFileReference; lastKnownFileType = text.plist.xml; path = Info.plist; sourceTree = "<group>"; };
		D1B30C1125EA6A4300DD2FBE /* cocktail-db-ui.app */ = {isa = PBXFileReference; explicitFileType = wrapper.application; includeInIndex = 0; path = "cocktail-db-ui.app"; sourceTree = BUILT_PRODUCTS_DIR; };
		D1B30C1325EA6A4300DD2FBE /* Info.plist */ = {isa = PBXFileReference; lastKnownFileType = text.plist.xml; path = Info.plist; sourceTree = "<group>"; };
		D1B30C1425EA6A4300DD2FBE /* macOS.entitlements */ = {isa = PBXFileReference; lastKnownFileType = text.plist.entitlements; path = macOS.entitlements; sourceTree = "<group>"; };
		D1B30C1925EA6A4300DD2FBE /* Tests iOS.xctest */ = {isa = PBXFileReference; explicitFileType = wrapper.cfbundle; includeInIndex = 0; path = "Tests iOS.xctest"; sourceTree = BUILT_PRODUCTS_DIR; };
		D1B30C1D25EA6A4300DD2FBE /* Tests_iOS.swift */ = {isa = PBXFileReference; lastKnownFileType = sourcecode.swift; path = Tests_iOS.swift; sourceTree = "<group>"; };
		D1B30C1F25EA6A4300DD2FBE /* Info.plist */ = {isa = PBXFileReference; lastKnownFileType = text.plist.xml; path = Info.plist; sourceTree = "<group>"; };
		D1B30C2425EA6A4300DD2FBE /* Tests macOS.xctest */ = {isa = PBXFileReference; explicitFileType = wrapper.cfbundle; includeInIndex = 0; path = "Tests macOS.xctest"; sourceTree = BUILT_PRODUCTS_DIR; };
		D1B30C2825EA6A4300DD2FBE /* Tests_macOS.swift */ = {isa = PBXFileReference; lastKnownFileType = sourcecode.swift; path = Tests_macOS.swift; sourceTree = "<group>"; };
		D1B30C2A25EA6A4300DD2FBE /* Info.plist */ = {isa = PBXFileReference; lastKnownFileType = text.plist.xml; path = Info.plist; sourceTree = "<group>"; };
		D1B30C4A25EA7A7900DD2FBE /* Cocktail.swift */ = {isa = PBXFileReference; lastKnownFileType = sourcecode.swift; path = Cocktail.swift; sourceTree = "<group>"; };
		D1B30C5125EA7B4500DD2FBE /* cocktailData.json */ = {isa = PBXFileReference; fileEncoding = 4; lastKnownFileType = text.json; path = cocktailData.json; sourceTree = "<group>"; };
		D1B30C5825EA7C4400DD2FBE /* ModelData.swift */ = {isa = PBXFileReference; lastKnownFileType = sourcecode.swift; path = ModelData.swift; sourceTree = "<group>"; };
		D1B30C6225EA7DB400DD2FBE /* CocktailRow.swift */ = {isa = PBXFileReference; lastKnownFileType = sourcecode.swift; name = CocktailRow.swift; path = Shared/Model/CocktailRow.swift; sourceTree = SOURCE_ROOT; };
		D1B30C6D25EA814900DD2FBE /* CocktailList.swift */ = {isa = PBXFileReference; lastKnownFileType = sourcecode.swift; path = CocktailList.swift; sourceTree = "<group>"; };
		D1B30C7425EA82CB00DD2FBE /* CocktailDetail.swift */ = {isa = PBXFileReference; lastKnownFileType = sourcecode.swift; path = CocktailDetail.swift; sourceTree = "<group>"; };
		D1B30C7B25EA89C200DD2FBE /* cocktail-db-ui.entitlements */ = {isa = PBXFileReference; lastKnownFileType = text.plist.entitlements; path = "cocktail-db-ui.entitlements"; sourceTree = "<group>"; };
		D1B30C8425EAD18000DD2FBE /* FavoriteButton.swift */ = {isa = PBXFileReference; lastKnownFileType = sourcecode.swift; path = FavoriteButton.swift; sourceTree = "<group>"; };
/* End PBXFileReference section */

/* Begin PBXFrameworksBuildPhase section */
		D1B30C0625EA6A4300DD2FBE /* Frameworks */ = {
			isa = PBXFrameworksBuildPhase;
			buildActionMask = 2147483647;
			files = (
			);
			runOnlyForDeploymentPostprocessing = 0;
		};
		D1B30C0E25EA6A4300DD2FBE /* Frameworks */ = {
			isa = PBXFrameworksBuildPhase;
			buildActionMask = 2147483647;
			files = (
			);
			runOnlyForDeploymentPostprocessing = 0;
		};
		D1B30C1625EA6A4300DD2FBE /* Frameworks */ = {
			isa = PBXFrameworksBuildPhase;
			buildActionMask = 2147483647;
			files = (
			);
			runOnlyForDeploymentPostprocessing = 0;
		};
		D1B30C2125EA6A4300DD2FBE /* Frameworks */ = {
			isa = PBXFrameworksBuildPhase;
			buildActionMask = 2147483647;
			files = (
			);
			runOnlyForDeploymentPostprocessing = 0;
		};
/* End PBXFrameworksBuildPhase section */

/* Begin PBXGroup section */
		D1B30BFC25EA6A4200DD2FBE = {
			isa = PBXGroup;
			children = (
				D1B30C7B25EA89C200DD2FBE /* cocktail-db-ui.entitlements */,
				D1B30C0125EA6A4200DD2FBE /* Shared */,
				D1B30C0B25EA6A4300DD2FBE /* iOS */,
				D1B30C1225EA6A4300DD2FBE /* macOS */,
				D1B30C1C25EA6A4300DD2FBE /* Tests iOS */,
				D1B30C2725EA6A4300DD2FBE /* Tests macOS */,
				D1B30C0A25EA6A4300DD2FBE /* Products */,
			);
			sourceTree = "<group>";
		};
		D1B30C0125EA6A4200DD2FBE /* Shared */ = {
			isa = PBXGroup;
			children = (
				D1B30C6125EA7D7500DD2FBE /* Model */,
				D1B30C6025EA7D3600DD2FBE /* Resources */,
				D1B30C5F25EA7CF200DD2FBE /* Views */,
				D1B30C8B25EAD1AA00DD2FBE /* Helpers */,
				D1B30C0225EA6A4200DD2FBE /* cocktail_db_uiApp.swift */,
				D1B30C0425EA6A4300DD2FBE /* Assets.xcassets */,
			);
			path = Shared;
			sourceTree = "<group>";
		};
		D1B30C0A25EA6A4300DD2FBE /* Products */ = {
			isa = PBXGroup;
			children = (
				D1B30C0925EA6A4300DD2FBE /* cocktail-db-ui.app */,
				D1B30C1125EA6A4300DD2FBE /* cocktail-db-ui.app */,
				D1B30C1925EA6A4300DD2FBE /* Tests iOS.xctest */,
				D1B30C2425EA6A4300DD2FBE /* Tests macOS.xctest */,
			);
			name = Products;
			sourceTree = "<group>";
		};
		D1B30C0B25EA6A4300DD2FBE /* iOS */ = {
			isa = PBXGroup;
			children = (
				D1B30C0C25EA6A4300DD2FBE /* Info.plist */,
			);
			path = iOS;
			sourceTree = "<group>";
		};
		D1B30C1225EA6A4300DD2FBE /* macOS */ = {
			isa = PBXGroup;
			children = (
				D1B30C1325EA6A4300DD2FBE /* Info.plist */,
				D1B30C1425EA6A4300DD2FBE /* macOS.entitlements */,
			);
			path = macOS;
			sourceTree = "<group>";
		};
		D1B30C1C25EA6A4300DD2FBE /* Tests iOS */ = {
			isa = PBXGroup;
			children = (
				D1B30C1D25EA6A4300DD2FBE /* Tests_iOS.swift */,
				D1B30C1F25EA6A4300DD2FBE /* Info.plist */,
			);
			path = "Tests iOS";
			sourceTree = "<group>";
		};
		D1B30C2725EA6A4300DD2FBE /* Tests macOS */ = {
			isa = PBXGroup;
			children = (
				D1B30C2825EA6A4300DD2FBE /* Tests_macOS.swift */,
				D1B30C2A25EA6A4300DD2FBE /* Info.plist */,
			);
			path = "Tests macOS";
			sourceTree = "<group>";
		};
		D1B30C5F25EA7CF200DD2FBE /* Views */ = {
			isa = PBXGroup;
			children = (
				D1B30C6225EA7DB400DD2FBE /* CocktailRow.swift */,
				D1B30C6D25EA814900DD2FBE /* CocktailList.swift */,
				D1B30C0325EA6A4200DD2FBE /* ContentView.swift */,
				D1B30C7425EA82CB00DD2FBE /* CocktailDetail.swift */,
				D1B30C8425EAD18000DD2FBE /* FavoriteButton.swift */,
			);
			path = Views;
			sourceTree = "<group>";
		};
		D1B30C6025EA7D3600DD2FBE /* Resources */ = {
			isa = PBXGroup;
			children = (
				D1B30C5125EA7B4500DD2FBE /* cocktailData.json */,
			);
			path = Resources;
			sourceTree = "<group>";
		};
		D1B30C6125EA7D7500DD2FBE /* Model */ = {
			isa = PBXGroup;
			children = (
				D1B30C5825EA7C4400DD2FBE /* ModelData.swift */,
				D1B30C4A25EA7A7900DD2FBE /* Cocktail.swift */,
			);
			path = Model;
			sourceTree = "<group>";
		};
		D1B30C8B25EAD1AA00DD2FBE /* Helpers */ = {
			isa = PBXGroup;
			children = (
			);
			path = Helpers;
			sourceTree = "<group>";
		};
/* End PBXGroup section */

/* Begin PBXNativeTarget section */
		D1B30C0825EA6A4300DD2FBE /* cocktail-db-ui (iOS) */ = {
			isa = PBXNativeTarget;
			buildConfigurationList = D1B30C3325EA6A4300DD2FBE /* Build configuration list for PBXNativeTarget "cocktail-db-ui (iOS)" */;
			buildPhases = (
				D1B30C0525EA6A4300DD2FBE /* Sources */,
				D1B30C0625EA6A4300DD2FBE /* Frameworks */,
				D1B30C0725EA6A4300DD2FBE /* Resources */,
			);
			buildRules = (
			);
			dependencies = (
			);
			name = "cocktail-db-ui (iOS)";
			productName = "cocktail-db-ui (iOS)";
			productReference = D1B30C0925EA6A4300DD2FBE /* cocktail-db-ui.app */;
			productType = "com.apple.product-type.application";
		};
		D1B30C1025EA6A4300DD2FBE /* cocktail-db-ui (macOS) */ = {
			isa = PBXNativeTarget;
			buildConfigurationList = D1B30C3625EA6A4300DD2FBE /* Build configuration list for PBXNativeTarget "cocktail-db-ui (macOS)" */;
			buildPhases = (
				D1B30C0D25EA6A4300DD2FBE /* Sources */,
				D1B30C0E25EA6A4300DD2FBE /* Frameworks */,
				D1B30C0F25EA6A4300DD2FBE /* Resources */,
			);
			buildRules = (
			);
			dependencies = (
			);
			name = "cocktail-db-ui (macOS)";
			productName = "cocktail-db-ui (macOS)";
			productReference = D1B30C1125EA6A4300DD2FBE /* cocktail-db-ui.app */;
			productType = "com.apple.product-type.application";
		};
		D1B30C1825EA6A4300DD2FBE /* Tests iOS */ = {
			isa = PBXNativeTarget;
			buildConfigurationList = D1B30C3925EA6A4300DD2FBE /* Build configuration list for PBXNativeTarget "Tests iOS" */;
			buildPhases = (
				D1B30C1525EA6A4300DD2FBE /* Sources */,
				D1B30C1625EA6A4300DD2FBE /* Frameworks */,
				D1B30C1725EA6A4300DD2FBE /* Resources */,
			);
			buildRules = (
			);
			dependencies = (
				D1B30C1B25EA6A4300DD2FBE /* PBXTargetDependency */,
			);
			name = "Tests iOS";
			productName = "Tests iOS";
			productReference = D1B30C1925EA6A4300DD2FBE /* Tests iOS.xctest */;
			productType = "com.apple.product-type.bundle.ui-testing";
		};
		D1B30C2325EA6A4300DD2FBE /* Tests macOS */ = {
			isa = PBXNativeTarget;
			buildConfigurationList = D1B30C3C25EA6A4300DD2FBE /* Build configuration list for PBXNativeTarget "Tests macOS" */;
			buildPhases = (
				D1B30C2025EA6A4300DD2FBE /* Sources */,
				D1B30C2125EA6A4300DD2FBE /* Frameworks */,
				D1B30C2225EA6A4300DD2FBE /* Resources */,
			);
			buildRules = (
			);
			dependencies = (
				D1B30C2625EA6A4300DD2FBE /* PBXTargetDependency */,
			);
			name = "Tests macOS";
			productName = "Tests macOS";
			productReference = D1B30C2425EA6A4300DD2FBE /* Tests macOS.xctest */;
			productType = "com.apple.product-type.bundle.ui-testing";
		};
/* End PBXNativeTarget section */

/* Begin PBXProject section */
		D1B30BFD25EA6A4200DD2FBE /* Project object */ = {
			isa = PBXProject;
			attributes = {
				LastSwiftUpdateCheck = 1240;
				LastUpgradeCheck = 1240;
				TargetAttributes = {
					D1B30C0825EA6A4300DD2FBE = {
						CreatedOnToolsVersion = 12.4;
					};
					D1B30C1025EA6A4300DD2FBE = {
						CreatedOnToolsVersion = 12.4;
					};
					D1B30C1825EA6A4300DD2FBE = {
						CreatedOnToolsVersion = 12.4;
						TestTargetID = D1B30C0825EA6A4300DD2FBE;
					};
					D1B30C2325EA6A4300DD2FBE = {
						CreatedOnToolsVersion = 12.4;
						TestTargetID = D1B30C1025EA6A4300DD2FBE;
					};
				};
			};
			buildConfigurationList = D1B30C0025EA6A4200DD2FBE /* Build configuration list for PBXProject "cocktail-db-ui" */;
			compatibilityVersion = "Xcode 9.3";
			developmentRegion = en;
			hasScannedForEncodings = 0;
			knownRegions = (
				en,
				Base,
			);
			mainGroup = D1B30BFC25EA6A4200DD2FBE;
			productRefGroup = D1B30C0A25EA6A4300DD2FBE /* Products */;
			projectDirPath = "";
			projectRoot = "";
			targets = (
				D1B30C0825EA6A4300DD2FBE /* cocktail-db-ui (iOS) */,
				D1B30C1025EA6A4300DD2FBE /* cocktail-db-ui (macOS) */,
				D1B30C1825EA6A4300DD2FBE /* Tests iOS */,
				D1B30C2325EA6A4300DD2FBE /* Tests macOS */,
			);
		};
/* End PBXProject section */

/* Begin PBXResourcesBuildPhase section */
		D1B30C0725EA6A4300DD2FBE /* Resources */ = {
			isa = PBXResourcesBuildPhase;
			buildActionMask = 2147483647;
			files = (
				D1B30C2F25EA6A4300DD2FBE /* Assets.xcassets in Resources */,
				D1B30C5225EA7B4500DD2FBE /* cocktailData.json in Resources */,
			);
			runOnlyForDeploymentPostprocessing = 0;
		};
		D1B30C0F25EA6A4300DD2FBE /* Resources */ = {
			isa = PBXResourcesBuildPhase;
			buildActionMask = 2147483647;
			files = (
				D1B30C3025EA6A4300DD2FBE /* Assets.xcassets in Resources */,
				D1B30C5325EA7B4500DD2FBE /* cocktailData.json in Resources */,
			);
			runOnlyForDeploymentPostprocessing = 0;
		};
		D1B30C1725EA6A4300DD2FBE /* Resources */ = {
			isa = PBXResourcesBuildPhase;
			buildActionMask = 2147483647;
			files = (
			);
			runOnlyForDeploymentPostprocessing = 0;
		};
		D1B30C2225EA6A4300DD2FBE /* Resources */ = {
			isa = PBXResourcesBuildPhase;
			buildActionMask = 2147483647;
			files = (
			);
			runOnlyForDeploymentPostprocessing = 0;
		};
/* End PBXResourcesBuildPhase section */

/* Begin PBXSourcesBuildPhase section */
		D1B30C0525EA6A4300DD2FBE /* Sources */ = {
			isa = PBXSourcesBuildPhase;
			buildActionMask = 2147483647;
			files = (
				D1B30C2D25EA6A4300DD2FBE /* ContentView.swift in Sources */,
				D1B30C6325EA7DB400DD2FBE /* CocktailRow.swift in Sources */,
				D1B30C5925EA7C4400DD2FBE /* ModelData.swift in Sources */,
				D1B30C8525EAD18000DD2FBE /* FavoriteButton.swift in Sources */,
				D1B30C6E25EA814900DD2FBE /* CocktailList.swift in Sources */,
				D1B30C2B25EA6A4300DD2FBE /* cocktail_db_uiApp.swift in Sources */,
				D1B30C4B25EA7A7900DD2FBE /* Cocktail.swift in Sources */,
				D1B30C7525EA82CB00DD2FBE /* CocktailDetail.swift in Sources */,
			);
			runOnlyForDeploymentPostprocessing = 0;
		};
		D1B30C0D25EA6A4300DD2FBE /* Sources */ = {
			isa = PBXSourcesBuildPhase;
			buildActionMask = 2147483647;
			files = (
				D1B30C2E25EA6A4300DD2FBE /* ContentView.swift in Sources */,
				D1B30C6425EA7DB400DD2FBE /* CocktailRow.swift in Sources */,
				D1B30C5A25EA7C4400DD2FBE /* ModelData.swift in Sources */,
				D1B30C8625EAD18000DD2FBE /* FavoriteButton.swift in Sources */,
				D1B30C6F25EA814900DD2FBE /* CocktailList.swift in Sources */,
				D1B30C2C25EA6A4300DD2FBE /* cocktail_db_uiApp.swift in Sources */,
				D1B30C4C25EA7A7900DD2FBE /* Cocktail.swift in Sources */,
				D1B30C7625EA82CB00DD2FBE /* CocktailDetail.swift in Sources */,
			);
			runOnlyForDeploymentPostprocessing = 0;
		};
		D1B30C1525EA6A4300DD2FBE /* Sources */ = {
			isa = PBXSourcesBuildPhase;
			buildActionMask = 2147483647;
			files = (
				D1B30C1E25EA6A4300DD2FBE /* Tests_iOS.swift in Sources */,
			);
			runOnlyForDeploymentPostprocessing = 0;
		};
		D1B30C2025EA6A4300DD2FBE /* Sources */ = {
			isa = PBXSourcesBuildPhase;
			buildActionMask = 2147483647;
			files = (
				D1B30C2925EA6A4300DD2FBE /* Tests_macOS.swift in Sources */,
			);
			runOnlyForDeploymentPostprocessing = 0;
		};
/* End PBXSourcesBuildPhase section */

/* Begin PBXTargetDependency section */
		D1B30C1B25EA6A4300DD2FBE /* PBXTargetDependency */ = {
			isa = PBXTargetDependency;
			target = D1B30C0825EA6A4300DD2FBE /* cocktail-db-ui (iOS) */;
			targetProxy = D1B30C1A25EA6A4300DD2FBE /* PBXContainerItemProxy */;
		};
		D1B30C2625EA6A4300DD2FBE /* PBXTargetDependency */ = {
			isa = PBXTargetDependency;
			target = D1B30C1025EA6A4300DD2FBE /* cocktail-db-ui (macOS) */;
			targetProxy = D1B30C2525EA6A4300DD2FBE /* PBXContainerItemProxy */;
		};
/* End PBXTargetDependency section */

/* Begin XCBuildConfiguration section */
		D1B30C3125EA6A4300DD2FBE /* Debug */ = {
			isa = XCBuildConfiguration;
			buildSettings = {
				ALWAYS_SEARCH_USER_PATHS = NO;
				CLANG_ANALYZER_NONNULL = YES;
				CLANG_ANALYZER_NUMBER_OBJECT_CONVERSION = YES_AGGRESSIVE;
				CLANG_CXX_LANGUAGE_STANDARD = "gnu++14";
				CLANG_CXX_LIBRARY = "libc++";
				CLANG_ENABLE_MODULES = YES;
				CLANG_ENABLE_OBJC_ARC = YES;
				CLANG_ENABLE_OBJC_WEAK = YES;
				CLANG_WARN_BLOCK_CAPTURE_AUTORELEASING = YES;
				CLANG_WARN_BOOL_CONVERSION = YES;
				CLANG_WARN_COMMA = YES;
				CLANG_WARN_CONSTANT_CONVERSION = YES;
				CLANG_WARN_DEPRECATED_OBJC_IMPLEMENTATIONS = YES;
				CLANG_WARN_DIRECT_OBJC_ISA_USAGE = YES_ERROR;
				CLANG_WARN_DOCUMENTATION_COMMENTS = YES;
				CLANG_WARN_EMPTY_BODY = YES;
				CLANG_WARN_ENUM_CONVERSION = YES;
				CLANG_WARN_INFINITE_RECURSION = YES;
				CLANG_WARN_INT_CONVERSION = YES;
				CLANG_WARN_NON_LITERAL_NULL_CONVERSION = YES;
				CLANG_WARN_OBJC_IMPLICIT_RETAIN_SELF = YES;
				CLANG_WARN_OBJC_LITERAL_CONVERSION = YES;
				CLANG_WARN_OBJC_ROOT_CLASS = YES_ERROR;
				CLANG_WARN_QUOTED_INCLUDE_IN_FRAMEWORK_HEADER = YES;
				CLANG_WARN_RANGE_LOOP_ANALYSIS = YES;
				CLANG_WARN_STRICT_PROTOTYPES = YES;
				CLANG_WARN_SUSPICIOUS_MOVE = YES;
				CLANG_WARN_UNGUARDED_AVAILABILITY = YES_AGGRESSIVE;
				CLANG_WARN_UNREACHABLE_CODE = YES;
				CLANG_WARN__DUPLICATE_METHOD_MATCH = YES;
				COPY_PHASE_STRIP = NO;
				DEBUG_INFORMATION_FORMAT = dwarf;
				ENABLE_STRICT_OBJC_MSGSEND = YES;
				ENABLE_TESTABILITY = YES;
				GCC_C_LANGUAGE_STANDARD = gnu11;
				GCC_DYNAMIC_NO_PIC = NO;
				GCC_NO_COMMON_BLOCKS = YES;
				GCC_OPTIMIZATION_LEVEL = 0;
				GCC_PREPROCESSOR_DEFINITIONS = (
					"DEBUG=1",
					"$(inherited)",
				);
				GCC_WARN_64_TO_32_BIT_CONVERSION = YES;
				GCC_WARN_ABOUT_RETURN_TYPE = YES_ERROR;
				GCC_WARN_UNDECLARED_SELECTOR = YES;
				GCC_WARN_UNINITIALIZED_AUTOS = YES_AGGRESSIVE;
				GCC_WARN_UNUSED_FUNCTION = YES;
				GCC_WARN_UNUSED_VARIABLE = YES;
				MTL_ENABLE_DEBUG_INFO = INCLUDE_SOURCE;
				MTL_FAST_MATH = YES;
				ONLY_ACTIVE_ARCH = YES;
				SWIFT_ACTIVE_COMPILATION_CONDITIONS = DEBUG;
				SWIFT_OPTIMIZATION_LEVEL = "-Onone";
			};
			name = Debug;
		};
		D1B30C3225EA6A4300DD2FBE /* Release */ = {
			isa = XCBuildConfiguration;
			buildSettings = {
				ALWAYS_SEARCH_USER_PATHS = NO;
				CLANG_ANALYZER_NONNULL = YES;
				CLANG_ANALYZER_NUMBER_OBJECT_CONVERSION = YES_AGGRESSIVE;
				CLANG_CXX_LANGUAGE_STANDARD = "gnu++14";
				CLANG_CXX_LIBRARY = "libc++";
				CLANG_ENABLE_MODULES = YES;
				CLANG_ENABLE_OBJC_ARC = YES;
				CLANG_ENABLE_OBJC_WEAK = YES;
				CLANG_WARN_BLOCK_CAPTURE_AUTORELEASING = YES;
				CLANG_WARN_BOOL_CONVERSION = YES;
				CLANG_WARN_COMMA = YES;
				CLANG_WARN_CONSTANT_CONVERSION = YES;
				CLANG_WARN_DEPRECATED_OBJC_IMPLEMENTATIONS = YES;
				CLANG_WARN_DIRECT_OBJC_ISA_USAGE = YES_ERROR;
				CLANG_WARN_DOCUMENTATION_COMMENTS = YES;
				CLANG_WARN_EMPTY_BODY = YES;
				CLANG_WARN_ENUM_CONVERSION = YES;
				CLANG_WARN_INFINITE_RECURSION = YES;
				CLANG_WARN_INT_CONVERSION = YES;
				CLANG_WARN_NON_LITERAL_NULL_CONVERSION = YES;
				CLANG_WARN_OBJC_IMPLICIT_RETAIN_SELF = YES;
				CLANG_WARN_OBJC_LITERAL_CONVERSION = YES;
				CLANG_WARN_OBJC_ROOT_CLASS = YES_ERROR;
				CLANG_WARN_QUOTED_INCLUDE_IN_FRAMEWORK_HEADER = YES;
				CLANG_WARN_RANGE_LOOP_ANALYSIS = YES;
				CLANG_WARN_STRICT_PROTOTYPES = YES;
				CLANG_WARN_SUSPICIOUS_MOVE = YES;
				CLANG_WARN_UNGUARDED_AVAILABILITY = YES_AGGRESSIVE;
				CLANG_WARN_UNREACHABLE_CODE = YES;
				CLANG_WARN__DUPLICATE_METHOD_MATCH = YES;
				COPY_PHASE_STRIP = NO;
				DEBUG_INFORMATION_FORMAT = "dwarf-with-dsym";
				ENABLE_NS_ASSERTIONS = NO;
				ENABLE_STRICT_OBJC_MSGSEND = YES;
				GCC_C_LANGUAGE_STANDARD = gnu11;
				GCC_NO_COMMON_BLOCKS = YES;
				GCC_WARN_64_TO_32_BIT_CONVERSION = YES;
				GCC_WARN_ABOUT_RETURN_TYPE = YES_ERROR;
				GCC_WARN_UNDECLARED_SELECTOR = YES;
				GCC_WARN_UNINITIALIZED_AUTOS = YES_AGGRESSIVE;
				GCC_WARN_UNUSED_FUNCTION = YES;
				GCC_WARN_UNUSED_VARIABLE = YES;
				MTL_ENABLE_DEBUG_INFO = NO;
				MTL_FAST_MATH = YES;
				SWIFT_COMPILATION_MODE = wholemodule;
				SWIFT_OPTIMIZATION_LEVEL = "-O";
			};
			name = Release;
		};
		D1B30C3425EA6A4300DD2FBE /* Debug */ = {
			isa = XCBuildConfiguration;
			buildSettings = {
				ASSETCATALOG_COMPILER_APPICON_NAME = AppIcon;
				ASSETCATALOG_COMPILER_GLOBAL_ACCENT_COLOR_NAME = AccentColor;
				CODE_SIGN_ENTITLEMENTS = "cocktail-db-ui.entitlements";
				"CODE_SIGN_IDENTITY[sdk=macosx*]" = "Apple Development";
				CODE_SIGN_STYLE = Automatic;
				DEVELOPMENT_TEAM = D6EL9MMNPS;
				ENABLE_PREVIEWS = YES;
				INFOPLIST_FILE = iOS/Info.plist;
				IPHONEOS_DEPLOYMENT_TARGET = 14.0;
				LD_RUNPATH_SEARCH_PATHS = (
					"$(inherited)",
					"@executable_path/Frameworks",
				);
				PRODUCT_BUNDLE_IDENTIFIER = "com.example.cocktail-db-ui";
				PRODUCT_NAME = "cocktail-db-ui";
				SDKROOT = iphoneos;
				SUPPORTS_MACCATALYST = YES;
				SWIFT_VERSION = 5.0;
				TARGETED_DEVICE_FAMILY = "1,2";
			};
			name = Debug;
		};
		D1B30C3525EA6A4300DD2FBE /* Release */ = {
			isa = XCBuildConfiguration;
			buildSettings = {
				ASSETCATALOG_COMPILER_APPICON_NAME = AppIcon;
				ASSETCATALOG_COMPILER_GLOBAL_ACCENT_COLOR_NAME = AccentColor;
				CODE_SIGN_ENTITLEMENTS = "cocktail-db-ui.entitlements";
				"CODE_SIGN_IDENTITY[sdk=macosx*]" = "Apple Development";
				CODE_SIGN_STYLE = Automatic;
				DEVELOPMENT_TEAM = D6EL9MMNPS;
				ENABLE_PREVIEWS = YES;
				INFOPLIST_FILE = iOS/Info.plist;
				IPHONEOS_DEPLOYMENT_TARGET = 14.0;
				LD_RUNPATH_SEARCH_PATHS = (
					"$(inherited)",
					"@executable_path/Frameworks",
				);
				PRODUCT_BUNDLE_IDENTIFIER = "com.example.cocktail-db-ui";
				PRODUCT_NAME = "cocktail-db-ui";
				SDKROOT = iphoneos;
				SUPPORTS_MACCATALYST = YES;
				SWIFT_VERSION = 5.0;
				TARGETED_DEVICE_FAMILY = "1,2";
				VALIDATE_PRODUCT = YES;
			};
			name = Release;
		};
		D1B30C3725EA6A4300DD2FBE /* Debug */ = {
			isa = XCBuildConfiguration;
			buildSettings = {
				ASSETCATALOG_COMPILER_APPICON_NAME = AppIcon;
				ASSETCATALOG_COMPILER_GLOBAL_ACCENT_COLOR_NAME = AccentColor;
				CODE_SIGN_ENTITLEMENTS = macOS/macOS.entitlements;
				CODE_SIGN_STYLE = Automatic;
				COMBINE_HIDPI_IMAGES = YES;
				ENABLE_PREVIEWS = YES;
				INFOPLIST_FILE = macOS/Info.plist;
				LD_RUNPATH_SEARCH_PATHS = (
					"$(inherited)",
					"@executable_path/../Frameworks",
				);
				MACOSX_DEPLOYMENT_TARGET = 11.0;
				PRODUCT_BUNDLE_IDENTIFIER = "com.example.cocktail-db-ui";
				PRODUCT_NAME = "cocktail-db-ui";
				SDKROOT = macosx;
				SWIFT_VERSION = 5.0;
			};
			name = Debug;
		};
		D1B30C3825EA6A4300DD2FBE /* Release */ = {
			isa = XCBuildConfiguration;
			buildSettings = {
				ASSETCATALOG_COMPILER_APPICON_NAME = AppIcon;
				ASSETCATALOG_COMPILER_GLOBAL_ACCENT_COLOR_NAME = AccentColor;
				CODE_SIGN_ENTITLEMENTS = macOS/macOS.entitlements;
				CODE_SIGN_STYLE = Automatic;
				COMBINE_HIDPI_IMAGES = YES;
				ENABLE_PREVIEWS = YES;
				INFOPLIST_FILE = macOS/Info.plist;
				LD_RUNPATH_SEARCH_PATHS = (
					"$(inherited)",
					"@executable_path/../Frameworks",
				);
				MACOSX_DEPLOYMENT_TARGET = 11.0;
				PRODUCT_BUNDLE_IDENTIFIER = "com.example.cocktail-db-ui";
				PRODUCT_NAME = "cocktail-db-ui";
				SDKROOT = macosx;
				SWIFT_VERSION = 5.0;
			};
			name = Release;
		};
		D1B30C3A25EA6A4300DD2FBE /* Debug */ = {
			isa = XCBuildConfiguration;
			buildSettings = {
				ALWAYS_EMBED_SWIFT_STANDARD_LIBRARIES = YES;
				CODE_SIGN_STYLE = Automatic;
				INFOPLIST_FILE = "Tests iOS/Info.plist";
				IPHONEOS_DEPLOYMENT_TARGET = 14.4;
				LD_RUNPATH_SEARCH_PATHS = (
					"$(inherited)",
					"@executable_path/Frameworks",
					"@loader_path/Frameworks",
				);
				PRODUCT_BUNDLE_IDENTIFIER = "com.example.Tests-iOS";
				PRODUCT_NAME = "$(TARGET_NAME)";
				SDKROOT = iphoneos;
				SWIFT_VERSION = 5.0;
				TARGETED_DEVICE_FAMILY = "1,2";
				TEST_TARGET_NAME = "cocktail-db-ui (iOS)";
			};
			name = Debug;
		};
		D1B30C3B25EA6A4300DD2FBE /* Release */ = {
			isa = XCBuildConfiguration;
			buildSettings = {
				ALWAYS_EMBED_SWIFT_STANDARD_LIBRARIES = YES;
				CODE_SIGN_STYLE = Automatic;
				INFOPLIST_FILE = "Tests iOS/Info.plist";
				IPHONEOS_DEPLOYMENT_TARGET = 14.4;
				LD_RUNPATH_SEARCH_PATHS = (
					"$(inherited)",
					"@executable_path/Frameworks",
					"@loader_path/Frameworks",
				);
				PRODUCT_BUNDLE_IDENTIFIER = "com.example.Tests-iOS";
				PRODUCT_NAME = "$(TARGET_NAME)";
				SDKROOT = iphoneos;
				SWIFT_VERSION = 5.0;
				TARGETED_DEVICE_FAMILY = "1,2";
				TEST_TARGET_NAME = "cocktail-db-ui (iOS)";
				VALIDATE_PRODUCT = YES;
			};
			name = Release;
		};
		D1B30C3D25EA6A4300DD2FBE /* Debug */ = {
			isa = XCBuildConfiguration;
			buildSettings = {
				ALWAYS_EMBED_SWIFT_STANDARD_LIBRARIES = YES;
				CODE_SIGN_STYLE = Automatic;
				COMBINE_HIDPI_IMAGES = YES;
				INFOPLIST_FILE = "Tests macOS/Info.plist";
				LD_RUNPATH_SEARCH_PATHS = (
					"$(inherited)",
					"@executable_path/../Frameworks",
					"@loader_path/../Frameworks",
				);
				MACOSX_DEPLOYMENT_TARGET = 11.1;
				PRODUCT_BUNDLE_IDENTIFIER = "com.example.Tests-macOS";
				PRODUCT_NAME = "$(TARGET_NAME)";
				SDKROOT = macosx;
				SWIFT_VERSION = 5.0;
				TEST_TARGET_NAME = "cocktail-db-ui (macOS)";
			};
			name = Debug;
		};
		D1B30C3E25EA6A4300DD2FBE /* Release */ = {
			isa = XCBuildConfiguration;
			buildSettings = {
				ALWAYS_EMBED_SWIFT_STANDARD_LIBRARIES = YES;
				CODE_SIGN_STYLE = Automatic;
				COMBINE_HIDPI_IMAGES = YES;
				INFOPLIST_FILE = "Tests macOS/Info.plist";
				LD_RUNPATH_SEARCH_PATHS = (
					"$(inherited)",
					"@executable_path/../Frameworks",
					"@loader_path/../Frameworks",
				);
				MACOSX_DEPLOYMENT_TARGET = 11.1;
				PRODUCT_BUNDLE_IDENTIFIER = "com.example.Tests-macOS";
				PRODUCT_NAME = "$(TARGET_NAME)";
				SDKROOT = macosx;
				SWIFT_VERSION = 5.0;
				TEST_TARGET_NAME = "cocktail-db-ui (macOS)";
			};
			name = Release;
		};
/* End XCBuildConfiguration section */

/* Begin XCConfigurationList section */
		D1B30C0025EA6A4200DD2FBE /* Build configuration list for PBXProject "cocktail-db-ui" */ = {
			isa = XCConfigurationList;
			buildConfigurations = (
				D1B30C3125EA6A4300DD2FBE /* Debug */,
				D1B30C3225EA6A4300DD2FBE /* Release */,
			);
			defaultConfigurationIsVisible = 0;
			defaultConfigurationName = Release;
		};
		D1B30C3325EA6A4300DD2FBE /* Build configuration list for PBXNativeTarget "cocktail-db-ui (iOS)" */ = {
			isa = XCConfigurationList;
			buildConfigurations = (
				D1B30C3425EA6A4300DD2FBE /* Debug */,
				D1B30C3525EA6A4300DD2FBE /* Release */,
			);
			defaultConfigurationIsVisible = 0;
			defaultConfigurationName = Release;
		};
		D1B30C3625EA6A4300DD2FBE /* Build configuration list for PBXNativeTarget "cocktail-db-ui (macOS)" */ = {
			isa = XCConfigurationList;
			buildConfigurations = (
				D1B30C3725EA6A4300DD2FBE /* Debug */,
				D1B30C3825EA6A4300DD2FBE /* Release */,
			);
			defaultConfigurationIsVisible = 0;
			defaultConfigurationName = Release;
		};
		D1B30C3925EA6A4300DD2FBE /* Build configuration list for PBXNativeTarget "Tests iOS" */ = {
			isa = XCConfigurationList;
			buildConfigurations = (
				D1B30C3A25EA6A4300DD2FBE /* Debug */,
				D1B30C3B25EA6A4300DD2FBE /* Release */,
			);
			defaultConfigurationIsVisible = 0;
			defaultConfigurationName = Release;
		};
		D1B30C3C25EA6A4300DD2FBE /* Build configuration list for PBXNativeTarget "Tests macOS" */ = {
			isa = XCConfigurationList;
			buildConfigurations = (
				D1B30C3D25EA6A4300DD2FBE /* Debug */,
				D1B30C3E25EA6A4300DD2FBE /* Release */,
			);
			defaultConfigurationIsVisible = 0;
			defaultConfigurationName = Release;
		};
/* End XCConfigurationList section */
	};
	rootObject = D1B30BFD25EA6A4200DD2FBE /* Project object */;
}
